{
  "name": "p7d-markdown-it-renderer-inline-text",
  "version": "0.1.2",
  "lockfileVersion": 3,
  "requires": true,
  "packages": {
    "": {
      "name": "p7d-markdown-it-renderer-inline-text",
      "version": "0.1.2",
      "license": "MIT",
      "dependencies": {
        "@peaceroad/markdown-it-renderer-inline-text": "^0.1.4"
      },
      "engines": {
        "vscode": "^1.79.0"
      }
    },
    "node_modules/@peaceroad/markdown-it-renderer-inline-text": {
      "version": "0.1.4",
      "resolved": "https://registry.npmjs.org/@peaceroad/markdown-it-renderer-inline-text/-/markdown-it-renderer-inline-text-0.1.4.tgz",
      "integrity": "sha512-mj0RozGouNr/+nZwRpsgAcxcqKrSlzWNoLgRNUYuj1mon8dzFr/E9mB83t/YXsAql6al4oMS1EuoKM60lORqzQ=="
    }
  }
}
