{
  "name": "p7d-markdown-it-renderer-inline-text",
  "version": "0.1.8",
  "lockfileVersion": 3,
  "requires": true,
  "packages": {
    "": {
      "name": "p7d-markdown-it-renderer-inline-text",
      "version": "0.1.8",
      "license": "MIT",
      "dependencies": {
        "@peaceroad/markdown-it-renderer-inline-text": "^0.1.6"
      },
      "engines": {
        "vscode": "^1.79.0"
      }
    },
    "node_modules/@peaceroad/markdown-it-renderer-inline-text": {
      "version": "0.1.6",
      "resolved": "https://registry.npmjs.org/@peaceroad/markdown-it-renderer-inline-text/-/markdown-it-renderer-inline-text-0.1.6.tgz",
      "integrity": "sha512-ZDdz6uxNy7kZiXhM0a91RZ246is8s7wONjO/JHE/D6A08r03tF9tqZj8VGxnhAHAH/1aNsch6eWv0mdRGD43rA==",
      "license": "MIT"
    }
  }
}
