{
  "name": "p7d-markdown-it-renderer-inline-text",
  "version": "0.1.6",
  "lockfileVersion": 3,
  "requires": true,
  "packages": {
    "": {
      "name": "p7d-markdown-it-renderer-inline-text",
      "version": "0.1.6",
      "license": "MIT",
      "dependencies": {
        "@peaceroad/markdown-it-renderer-inline-text": "^0.1.5"
      },
      "engines": {
        "vscode": "^1.79.0"
      }
    },
    "node_modules/@peaceroad/markdown-it-renderer-inline-text": {
      "version": "0.1.5",
      "resolved": "https://registry.npmjs.org/@peaceroad/markdown-it-renderer-inline-text/-/markdown-it-renderer-inline-text-0.1.5.tgz",
      "integrity": "sha512-nfj+QuUfc8CFAVahKkvRcO2g/wp6X66+PmTDATgNvCoB9+NDXdVxse/vuxoZKYYamUx/zrh+iYFOWa6axvy2fA==",
      "license": "MIT"
    }
  }
}
